
Microsoft Visual Studio Solution File, Format Version 12.00
# Visual Studio Version 16
VisualStudioVersion = 16.0.30011.22
MinimumVisualStudioVersion = 10.0.40219.1
Project("{FAE04EC0-301F-11D3-BF4B-00C04F79EFBC}") = "Calculators", "Calculators\Calculators.csproj", "{CDC19C29-C2DE-41C6-8B76-69352C304BD4}"
EndProject
Global
	GlobalSection(SolutionConfigurationPlatforms) = preSolution
		Debug|Any CPU = Debug|Any CPU
		Release|Any CPU = Release|Any CPU
	EndGlobalSection
	GlobalSection(ProjectConfigurationPlatforms) = postSolution
		{CDC19C29-C2DE-41C6-8B76-69352C304BD4}.Debug|Any CPU.ActiveCfg = Debug|Any CPU
		{CDC19C29-C2DE-41C6-8B76-69352C304BD4}.Debug|Any CPU.Build.0 = Debug|Any CPU
		{CDC19C29-C2DE-41C6-8B76-69352C304BD4}.Release|Any CPU.ActiveCfg = Release|Any CPU
		{CDC19C29-C2DE-41C6-8B76-69352C304BD4}.Release|Any CPU.Build.0 = Release|Any CPU
	EndGlobalSection
	GlobalSection(SolutionProperties) = preSolution
		HideSolutionNode = FALSE
	EndGlobalSection
	GlobalSection(ExtensibilityGlobals) = postSolution
		SolutionGuid = {02745F06-870C-4E9B-818A-9C2D4921707D}
	EndGlobalSection
EndGlobal
